
Microsoft Visual Studio Solution File, Format Version 12.00
# Visual Studio 15
VisualStudioVersion = 15.0.28010.2041
MinimumVisualStudioVersion = 10.0.40219.1
Project("{9A19103F-16F7-4668-BE54-9A1E7A4F7556}") = "ServerAzureRelayConsole", "EventHubsAppConsole\ServerAzureRelayConsole.csproj", "{EAE6B04A-932D-4249-B39E-9A9AE9FDFA05}"
EndProject
Project("{9A19103F-16F7-4668-BE54-9A1E7A4F7556}") = "ClientAzureRelay", "ClientAzureRelay\ClientAzureRelay.csproj", "{B9F278C8-9F3E-43FD-8A5A-91BC9E71CBBB}"
EndProject
Global
	GlobalSection(SolutionConfigurationPlatforms) = preSolution
		Debug|Any CPU = Debug|Any CPU
		Release|Any CPU = Release|Any CPU
	EndGlobalSection
	GlobalSection(ProjectConfigurationPlatforms) = postSolution
		{EAE6B04A-932D-4249-B39E-9A9AE9FDFA05}.Debug|Any CPU.ActiveCfg = Debug|Any CPU
		{EAE6B04A-932D-4249-B39E-9A9AE9FDFA05}.Debug|Any CPU.Build.0 = Debug|Any CPU
		{EAE6B04A-932D-4249-B39E-9A9AE9FDFA05}.Release|Any CPU.ActiveCfg = Release|Any CPU
		{EAE6B04A-932D-4249-B39E-9A9AE9FDFA05}.Release|Any CPU.Build.0 = Release|Any CPU
		{B9F278C8-9F3E-43FD-8A5A-91BC9E71CBBB}.Debug|Any CPU.ActiveCfg = Debug|Any CPU
		{B9F278C8-9F3E-43FD-8A5A-91BC9E71CBBB}.Debug|Any CPU.Build.0 = Debug|Any CPU
		{B9F278C8-9F3E-43FD-8A5A-91BC9E71CBBB}.Release|Any CPU.ActiveCfg = Release|Any CPU
		{B9F278C8-9F3E-43FD-8A5A-91BC9E71CBBB}.Release|Any CPU.Build.0 = Release|Any CPU
	EndGlobalSection
	GlobalSection(SolutionProperties) = preSolution
		HideSolutionNode = FALSE
	EndGlobalSection
	GlobalSection(ExtensibilityGlobals) = postSolution
		SolutionGuid = {F26BA86D-AA90-47F9-B55E-0E7F2B0E8ECD}
	EndGlobalSection
EndGlobal
